{
  "requires": true,
  "lockfileVersion": 1,
  "dependencies": {
    "@vant/popperjs": {
      "version": "1.3.0",
      "resolved": "https://registry.npmjs.org/@vant/popperjs/-/popperjs-1.3.0.tgz",
      "integrity": "sha512-hB+czUG+aHtjhaEmCJDuXOep0YTZjdlRR+4MSmIFnkCQIxJaXLQdSsR90XWvAI2yvKUI7TCGqR8pQg2RtvkMHw=="
    },
    "@vant/use": {
      "version": "1.4.3",
      "resolved": "https://registry.npmjs.org/@vant/use/-/use-1.4.3.tgz",
      "integrity": "sha512-rSnETN7P9qT1WbItMpQxBqe3cHeK2ZFYp1sCxWUXaTeI71TqA8sOdzC36ledZ36NQgFNTch9fsRPYOkrCgZfQA=="
    },
    "tracking": {
      "version": "1.1.3",
      "resolved": "https://registry.npmjs.org/tracking/-/tracking-1.1.3.tgz",
      "integrity": "sha512-XS9CVMzjp6AHT5e7oRamU8U5Lz3k6BIRTkBVs0XqepwgwXQ4kbbmxrWzTG2v6RMvJC/9MKuSBQiX/5hwsQFcCQ=="
    },
    "vant": {
      "version": "4.0.2",
      "resolved": "https://registry.npmjs.org/vant/-/vant-4.0.2.tgz",
      "integrity": "sha512-qv3YaysqDbDI4N1peuck0v2g/Zz2rH2ao2qLNn166ZsuPadCmwsuwaypT+eFWElAzj0P1f9aUEmFmdJJwGuRfw==",
      "requires": {
        "@vant/popperjs": "^1.3.0",
        "@vant/use": "^1.4.3"
      }
    },
    "vue-class-component": {
      "version": "7.2.6",
      "resolved": "https://registry.npmjs.org/vue-class-component/-/vue-class-component-7.2.6.tgz",
      "integrity": "sha512-+eaQXVrAm/LldalI272PpDe3+i4mPis0ORiMYxF6Ae4hyuCh15W8Idet7wPUEs4N4YptgFHGys4UrgNQOMyO6w=="
    },
    "vue-property-decorator": {
      "version": "9.1.2",
      "resolved": "https://registry.npmjs.org/vue-property-decorator/-/vue-property-decorator-9.1.2.tgz",
      "integrity": "sha512-xYA8MkZynPBGd/w5QFJ2d/NM0z/YeegMqYTphy7NJQXbZcuU6FC6AOdUAcy4SXP+YnkerC6AfH+ldg7PDk9ESQ=="
    }
  }
}
